
Microsoft Visual Studio Solution File, Format Version 12.00
# Visual Studio 2013
VisualStudioVersion = 12.0.30110.0
MinimumVisualStudioVersion = 10.0.40219.1
Project("{FAE04EC0-301F-11D3-BF4B-00C04F79EFBC}") = "TradingCore", "TradingCore\TradingCore.csproj", "{EC23FCB3-67C9-47CB-80FE-EB91343FB7AE}"
EndProject
Project("{FAE04EC0-301F-11D3-BF4B-00C04F79EFBC}") = "UnitTest", "Test\UnitTest.csproj", "{5CCB2B52-8891-4D4B-989A-CADE03A1866E}"
EndProject
Project("{FAE04EC0-301F-11D3-BF4B-00C04F79EFBC}") = "IntegrationTest", "IntegrationTest\IntegrationTest.csproj", "{6A312794-E496-474C-A23E-2C202B82300C}"
EndProject
Project("{F2A71F9B-5D33-465A-A702-920D77279786}") = "FinanceLibrary", "FinanceLibrary\FinanceLibrary.fsproj", "{67E10D3D-AB07-433C-9632-1940207057AC}"
EndProject
Project("{2150E333-8FDC-42A3-9474-1A3956D46DE8}") = ".nuget", ".nuget", "{6ACDEEDC-CC85-4B55-B0A7-7D7CC647A920}"
	ProjectSection(SolutionItems) = preProject
		.nuget\NuGet.Config = .nuget\NuGet.Config
		.nuget\NuGet.exe = .nuget\NuGet.exe
		.nuget\NuGet.targets = .nuget\NuGet.targets
	EndProjectSection
EndProject
Project("{FAE04EC0-301F-11D3-BF4B-00C04F79EFBC}") = "InteractiveBrokersAPI", "InteractiveBrokersAPI\InteractiveBrokersAPI.csproj", "{8EDE0744-96C2-40B0-A8DC-37DF79370203}"
EndProject
Global
	GlobalSection(SolutionConfigurationPlatforms) = preSolution
		Debug|Any CPU = Debug|Any CPU
		Debug|Mixed Platforms = Debug|Mixed Platforms
		Debug|x86 = Debug|x86
		Release|Any CPU = Release|Any CPU
		Release|Mixed Platforms = Release|Mixed Platforms
		Release|x86 = Release|x86
	EndGlobalSection
	GlobalSection(ProjectConfigurationPlatforms) = postSolution
		{EC23FCB3-67C9-47CB-80FE-EB91343FB7AE}.Debug|Any CPU.ActiveCfg = Debug|Any CPU
		{EC23FCB3-67C9-47CB-80FE-EB91343FB7AE}.Debug|Any CPU.Build.0 = Debug|Any CPU
		{EC23FCB3-67C9-47CB-80FE-EB91343FB7AE}.Debug|Mixed Platforms.ActiveCfg = Debug|Any CPU
		{EC23FCB3-67C9-47CB-80FE-EB91343FB7AE}.Debug|Mixed Platforms.Build.0 = Debug|Any CPU
		{EC23FCB3-67C9-47CB-80FE-EB91343FB7AE}.Debug|x86.ActiveCfg = Debug|Any CPU
		{EC23FCB3-67C9-47CB-80FE-EB91343FB7AE}.Release|Any CPU.ActiveCfg = Release|Any CPU
		{EC23FCB3-67C9-47CB-80FE-EB91343FB7AE}.Release|Any CPU.Build.0 = Release|Any CPU
		{EC23FCB3-67C9-47CB-80FE-EB91343FB7AE}.Release|Mixed Platforms.ActiveCfg = Release|Any CPU
		{EC23FCB3-67C9-47CB-80FE-EB91343FB7AE}.Release|Mixed Platforms.Build.0 = Release|Any CPU
		{EC23FCB3-67C9-47CB-80FE-EB91343FB7AE}.Release|x86.ActiveCfg = Release|Any CPU
		{5CCB2B52-8891-4D4B-989A-CADE03A1866E}.Debug|Any CPU.ActiveCfg = Debug|Any CPU
		{5CCB2B52-8891-4D4B-989A-CADE03A1866E}.Debug|Any CPU.Build.0 = Debug|Any CPU
		{5CCB2B52-8891-4D4B-989A-CADE03A1866E}.Debug|Mixed Platforms.ActiveCfg = Debug|Any CPU
		{5CCB2B52-8891-4D4B-989A-CADE03A1866E}.Debug|Mixed Platforms.Build.0 = Debug|Any CPU
		{5CCB2B52-8891-4D4B-989A-CADE03A1866E}.Debug|x86.ActiveCfg = Debug|Any CPU
		{5CCB2B52-8891-4D4B-989A-CADE03A1866E}.Release|Any CPU.ActiveCfg = Release|Any CPU
		{5CCB2B52-8891-4D4B-989A-CADE03A1866E}.Release|Any CPU.Build.0 = Release|Any CPU
		{5CCB2B52-8891-4D4B-989A-CADE03A1866E}.Release|Mixed Platforms.ActiveCfg = Release|Any CPU
		{5CCB2B52-8891-4D4B-989A-CADE03A1866E}.Release|Mixed Platforms.Build.0 = Release|Any CPU
		{5CCB2B52-8891-4D4B-989A-CADE03A1866E}.Release|x86.ActiveCfg = Release|Any CPU
		{6A312794-E496-474C-A23E-2C202B82300C}.Debug|Any CPU.ActiveCfg = Debug|Any CPU
		{6A312794-E496-474C-A23E-2C202B82300C}.Debug|Any CPU.Build.0 = Debug|Any CPU
		{6A312794-E496-474C-A23E-2C202B82300C}.Debug|Mixed Platforms.ActiveCfg = Debug|Any CPU
		{6A312794-E496-474C-A23E-2C202B82300C}.Debug|Mixed Platforms.Build.0 = Debug|Any CPU
		{6A312794-E496-474C-A23E-2C202B82300C}.Debug|x86.ActiveCfg = Debug|Any CPU
		{6A312794-E496-474C-A23E-2C202B82300C}.Release|Any CPU.ActiveCfg = Release|Any CPU
		{6A312794-E496-474C-A23E-2C202B82300C}.Release|Any CPU.Build.0 = Release|Any CPU
		{6A312794-E496-474C-A23E-2C202B82300C}.Release|Mixed Platforms.ActiveCfg = Release|Any CPU
		{6A312794-E496-474C-A23E-2C202B82300C}.Release|Mixed Platforms.Build.0 = Release|Any CPU
		{6A312794-E496-474C-A23E-2C202B82300C}.Release|x86.ActiveCfg = Release|Any CPU
		{67E10D3D-AB07-433C-9632-1940207057AC}.Debug|Any CPU.ActiveCfg = Debug|Any CPU
		{67E10D3D-AB07-433C-9632-1940207057AC}.Debug|Any CPU.Build.0 = Debug|Any CPU
		{67E10D3D-AB07-433C-9632-1940207057AC}.Debug|Mixed Platforms.ActiveCfg = Debug|Any CPU
		{67E10D3D-AB07-433C-9632-1940207057AC}.Debug|Mixed Platforms.Build.0 = Debug|Any CPU
		{67E10D3D-AB07-433C-9632-1940207057AC}.Debug|x86.ActiveCfg = Debug|Any CPU
		{67E10D3D-AB07-433C-9632-1940207057AC}.Release|Any CPU.ActiveCfg = Release|Any CPU
		{67E10D3D-AB07-433C-9632-1940207057AC}.Release|Any CPU.Build.0 = Release|Any CPU
		{67E10D3D-AB07-433C-9632-1940207057AC}.Release|Mixed Platforms.ActiveCfg = Release|Any CPU
		{67E10D3D-AB07-433C-9632-1940207057AC}.Release|Mixed Platforms.Build.0 = Release|Any CPU
		{67E10D3D-AB07-433C-9632-1940207057AC}.Release|x86.ActiveCfg = Release|Any CPU
		{8EDE0744-96C2-40B0-A8DC-37DF79370203}.Debug|Any CPU.ActiveCfg = Debug|x86
		{8EDE0744-96C2-40B0-A8DC-37DF79370203}.Debug|Mixed Platforms.ActiveCfg = Debug|x86
		{8EDE0744-96C2-40B0-A8DC-37DF79370203}.Debug|Mixed Platforms.Build.0 = Debug|x86
		{8EDE0744-96C2-40B0-A8DC-37DF79370203}.Debug|x86.ActiveCfg = Debug|x86
		{8EDE0744-96C2-40B0-A8DC-37DF79370203}.Debug|x86.Build.0 = Debug|x86
		{8EDE0744-96C2-40B0-A8DC-37DF79370203}.Release|Any CPU.ActiveCfg = Release|x86
		{8EDE0744-96C2-40B0-A8DC-37DF79370203}.Release|Mixed Platforms.ActiveCfg = Release|x86
		{8EDE0744-96C2-40B0-A8DC-37DF79370203}.Release|Mixed Platforms.Build.0 = Release|x86
		{8EDE0744-96C2-40B0-A8DC-37DF79370203}.Release|x86.ActiveCfg = Release|x86
		{8EDE0744-96C2-40B0-A8DC-37DF79370203}.Release|x86.Build.0 = Release|x86
	EndGlobalSection
	GlobalSection(SolutionProperties) = preSolution
		HideSolutionNode = FALSE
	EndGlobalSection
EndGlobal
